// !$*UTF8*$!
{
	archiveVersion = 1;
	classes = {
	};
	objectVersion = 50;
	objects = {

/* Begin PBXBuildFile section */
		781EDF1B2499EB5B00882392 /* CommonModule.h in Headers */ = {isa = PBXBuildFile; fileRef = 781EDF192499EB5B00882392 /* CommonModule.h */; settings = {ATTRIBUTES = (Public, ); }; };
		781EDF5E2499EDA800882392 /* CommonAssembly.swift in Sources */ = {isa = PBXBuildFile; fileRef = 781EDF5D2499EDA800882392 /* CommonAssembly.swift */; };
		781EDF602499F26200882392 /* AProvider.swift in Sources */ = {isa = PBXBuildFile; fileRef = 781EDF5F2499F26200882392 /* AProvider.swift */; };
		786C0E65249C65E900353FB6 /* BProvider.swift in Sources */ = {isa = PBXBuildFile; fileRef = 786C0E64249C65E900353FB6 /* BProvider.swift */; };
		786C0E8124A0489E00353FB6 /* CommonRouter.swift in Sources */ = {isa = PBXBuildFile; fileRef = 786C0E8024A0489E00353FB6 /* CommonRouter.swift */; };
		786C0E8F24A04FF300353FB6 /* RouterKey.swift in Sources */ = {isa = PBXBuildFile; fileRef = 786C0E8E24A04FF300353FB6 /* RouterKey.swift */; };
		FB4614F9B00E5218445E5AAE /* Pods_CommonModule.framework in Frameworks */ = {isa = PBXBuildFile; fileRef = 8678E510B115E10E5923F3E8 /* Pods_CommonModule.framework */; };
/* End PBXBuildFile section */

/* Begin PBXFileReference section */
		781EDF162499EB5B00882392 /* CommonModule.framework */ = {isa = PBXFileReference; explicitFileType = wrapper.framework; includeInIndex = 0; path = CommonModule.framework; sourceTree = BUILT_PRODUCTS_DIR; };
		781EDF192499EB5B00882392 /* CommonModule.h */ = {isa = PBXFileReference; lastKnownFileType = sourcecode.c.h; path = CommonModule.h; sourceTree = "<group>"; };
		781EDF1A2499EB5B00882392 /* Info.plist */ = {isa = PBXFileReference; lastKnownFileType = text.plist.xml; path = Info.plist; sourceTree = "<group>"; };
		781EDF5D2499EDA800882392 /* CommonAssembly.swift */ = {isa = PBXFileReference; lastKnownFileType = sourcecode.swift; path = CommonAssembly.swift; sourceTree = "<group>"; };
		781EDF5F2499F26200882392 /* AProvider.swift */ = {isa = PBXFileReference; lastKnownFileType = sourcecode.swift; path = AProvider.swift; sourceTree = "<group>"; };
		786C0E64249C65E900353FB6 /* BProvider.swift */ = {isa = PBXFileReference; lastKnownFileType = sourcecode.swift; path = BProvider.swift; sourceTree = "<group>"; };
		786C0E8024A0489E00353FB6 /* CommonRouter.swift */ = {isa = PBXFileReference; lastKnownFileType = sourcecode.swift; path = CommonRouter.swift; sourceTree = "<group>"; };
		786C0E8E24A04FF300353FB6 /* RouterKey.swift */ = {isa = PBXFileReference; lastKnownFileType = sourcecode.swift; path = RouterKey.swift; sourceTree = "<group>"; };
		8678E510B115E10E5923F3E8 /* Pods_CommonModule.framework */ = {isa = PBXFileReference; explicitFileType = wrapper.framework; includeInIndex = 0; path = Pods_CommonModule.framework; sourceTree = BUILT_PRODUCTS_DIR; };
		B457BEE286E4F1732AAE75CE /* Pods-CommonModule.release.xcconfig */ = {isa = PBXFileReference; includeInIndex = 1; lastKnownFileType = text.xcconfig; name = "Pods-CommonModule.release.xcconfig"; path = "Target Support Files/Pods-CommonModule/Pods-CommonModule.release.xcconfig"; sourceTree = "<group>"; };
		BB236FD36314FB4F23D6CEF8 /* Pods-CommonModule.debug.xcconfig */ = {isa = PBXFileReference; includeInIndex = 1; lastKnownFileType = text.xcconfig; name = "Pods-CommonModule.debug.xcconfig"; path = "Target Support Files/Pods-CommonModule/Pods-CommonModule.debug.xcconfig"; sourceTree = "<group>"; };
/* End PBXFileReference section */

/* Begin PBXFrameworksBuildPhase section */
		781EDF132499EB5B00882392 /* Frameworks */ = {
			isa = PBXFrameworksBuildPhase;
			buildActionMask = 2147483647;
			files = (
				FB4614F9B00E5218445E5AAE /* Pods_CommonModule.framework in Frameworks */,
			);
			runOnlyForDeploymentPostprocessing = 0;
		};
/* End PBXFrameworksBuildPhase section */

/* Begin PBXGroup section */
		48ED7F889259A81B8CAE7B03 /* Pods */ = {
			isa = PBXGroup;
			children = (
				BB236FD36314FB4F23D6CEF8 /* Pods-CommonModule.debug.xcconfig */,
				B457BEE286E4F1732AAE75CE /* Pods-CommonModule.release.xcconfig */,
			);
			name = Pods;
			path = ../../Pods;
			sourceTree = "<group>";
		};
		781EDF0C2499EB5B00882392 = {
			isa = PBXGroup;
			children = (
				781EDF182499EB5B00882392 /* CommonModule */,
				781EDF172499EB5B00882392 /* Products */,
				48ED7F889259A81B8CAE7B03 /* Pods */,
				8C693D189DDE820D3C39D789 /* Frameworks */,
			);
			sourceTree = "<group>";
		};
		781EDF172499EB5B00882392 /* Products */ = {
			isa = PBXGroup;
			children = (
				781EDF162499EB5B00882392 /* CommonModule.framework */,
			);
			name = Products;
			sourceTree = "<group>";
		};
		781EDF182499EB5B00882392 /* CommonModule */ = {
			isa = PBXGroup;
			children = (
				781EDF192499EB5B00882392 /* CommonModule.h */,
				781EDF5D2499EDA800882392 /* CommonAssembly.swift */,
				781EDF5F2499F26200882392 /* AProvider.swift */,
				786C0E64249C65E900353FB6 /* BProvider.swift */,
				786C0E8024A0489E00353FB6 /* CommonRouter.swift */,
				786C0E8E24A04FF300353FB6 /* RouterKey.swift */,
				781EDF1A2499EB5B00882392 /* Info.plist */,
			);
			path = CommonModule;
			sourceTree = "<group>";
		};
		8C693D189DDE820D3C39D789 /* Frameworks */ = {
			isa = PBXGroup;
			children = (
				8678E510B115E10E5923F3E8 /* Pods_CommonModule.framework */,
			);
			name = Frameworks;
			sourceTree = "<group>";
		};
/* End PBXGroup section */

/* Begin PBXHeadersBuildPhase section */
		781EDF112499EB5B00882392 /* Headers */ = {
			isa = PBXHeadersBuildPhase;
			buildActionMask = 2147483647;
			files = (
				781EDF1B2499EB5B00882392 /* CommonModule.h in Headers */,
			);
			runOnlyForDeploymentPostprocessing = 0;
		};
/* End PBXHeadersBuildPhase section */

/* Begin PBXNativeTarget section */
		781EDF152499EB5B00882392 /* CommonModule */ = {
			isa = PBXNativeTarget;
			buildConfigurationList = 781EDF1E2499EB5B00882392 /* Build configuration list for PBXNativeTarget "CommonModule" */;
			buildPhases = (
				BD6A9A292090CE455D1C6E9D /* [CP] Check Pods Manifest.lock */,
				781EDF112499EB5B00882392 /* Headers */,
				781EDF122499EB5B00882392 /* Sources */,
				781EDF132499EB5B00882392 /* Frameworks */,
				781EDF142499EB5B00882392 /* Resources */,
			);
			buildRules = (
			);
			dependencies = (
			);
			name = CommonModule;
			productName = CommonModule;
			productReference = 781EDF162499EB5B00882392 /* CommonModule.framework */;
			productType = "com.apple.product-type.framework";
		};
/* End PBXNativeTarget section */

/* Begin PBXProject section */
		781EDF0D2499EB5B00882392 /* Project object */ = {
			isa = PBXProject;
			attributes = {
				LastUpgradeCheck = 1120;
				ORGANIZATIONNAME = agora;
				TargetAttributes = {
					781EDF152499EB5B00882392 = {
						CreatedOnToolsVersion = 11.2.1;
						LastSwiftMigration = 1120;
					};
				};
			};
			buildConfigurationList = 781EDF102499EB5B00882392 /* Build configuration list for PBXProject "CommonModule" */;
			compatibilityVersion = "Xcode 9.3";
			developmentRegion = en;
			hasScannedForEncodings = 0;
			knownRegions = (
				en,
				Base,
			);
			mainGroup = 781EDF0C2499EB5B00882392;
			productRefGroup = 781EDF172499EB5B00882392 /* Products */;
			projectDirPath = "";
			projectRoot = "";
			targets = (
				781EDF152499EB5B00882392 /* CommonModule */,
			);
		};
/* End PBXProject section */

/* Begin PBXResourcesBuildPhase section */
		781EDF142499EB5B00882392 /* Resources */ = {
			isa = PBXResourcesBuildPhase;
			buildActionMask = 2147483647;
			files = (
			);
			runOnlyForDeploymentPostprocessing = 0;
		};
/* End PBXResourcesBuildPhase section */

/* Begin PBXShellScriptBuildPhase section */
		BD6A9A292090CE455D1C6E9D /* [CP] Check Pods Manifest.lock */ = {
			isa = PBXShellScriptBuildPhase;
			buildActionMask = 2147483647;
			files = (
			);
			inputFileListPaths = (
			);
			inputPaths = (
				"${PODS_PODFILE_DIR_PATH}/Podfile.lock",
				"${PODS_ROOT}/Manifest.lock",
			);
			name = "[CP] Check Pods Manifest.lock";
			outputFileListPaths = (
			);
			outputPaths = (
				"$(DERIVED_FILE_DIR)/Pods-CommonModule-checkManifestLockResult.txt",
			);
			runOnlyForDeploymentPostprocessing = 0;
			shellPath = /bin/sh;
			shellScript = "diff \"${PODS_PODFILE_DIR_PATH}/Podfile.lock\" \"${PODS_ROOT}/Manifest.lock\" > /dev/null\nif [ $? != 0 ] ; then\n    # print error to STDERR\n    echo \"error: The sandbox is not in sync with the Podfile.lock. Run 'pod install' or update your CocoaPods installation.\" >&2\n    exit 1\nfi\n# This output is used by Xcode 'outputs' to avoid re-running this script phase.\necho \"SUCCESS\" > \"${SCRIPT_OUTPUT_FILE_0}\"\n";
			showEnvVarsInLog = 0;
		};
/* End PBXShellScriptBuildPhase section */

/* Begin PBXSourcesBuildPhase section */
		781EDF122499EB5B00882392 /* Sources */ = {
			isa = PBXSourcesBuildPhase;
			buildActionMask = 2147483647;
			files = (
				781EDF602499F26200882392 /* AProvider.swift in Sources */,
				781EDF5E2499EDA800882392 /* CommonAssembly.swift in Sources */,
				786C0E8F24A04FF300353FB6 /* RouterKey.swift in Sources */,
				786C0E8124A0489E00353FB6 /* CommonRouter.swift in Sources */,
				786C0E65249C65E900353FB6 /* BProvider.swift in Sources */,
			);
			runOnlyForDeploymentPostprocessing = 0;
		};
/* End PBXSourcesBuildPhase section */

/* Begin XCBuildConfiguration section */
		781EDF1C2499EB5B00882392 /* Debug */ = {
			isa = XCBuildConfiguration;
			buildSettings = {
				ALWAYS_SEARCH_USER_PATHS = NO;
				CLANG_ANALYZER_NONNULL = YES;
				CLANG_ANALYZER_NUMBER_OBJECT_CONVERSION = YES_AGGRESSIVE;
				CLANG_CXX_LANGUAGE_STANDARD = "gnu++14";
				CLANG_CXX_LIBRARY = "libc++";
				CLANG_ENABLE_MODULES = YES;
				CLANG_ENABLE_OBJC_ARC = YES;
				CLANG_ENABLE_OBJC_WEAK = YES;
				CLANG_WARN_BLOCK_CAPTURE_AUTORELEASING = YES;
				CLANG_WARN_BOOL_CONVERSION = YES;
				CLANG_WARN_COMMA = YES;
				CLANG_WARN_CONSTANT_CONVERSION = YES;
				CLANG_WARN_DEPRECATED_OBJC_IMPLEMENTATIONS = YES;
				CLANG_WARN_DIRECT_OBJC_ISA_USAGE = YES_ERROR;
				CLANG_WARN_DOCUMENTATION_COMMENTS = YES;
				CLANG_WARN_EMPTY_BODY = YES;
				CLANG_WARN_ENUM_CONVERSION = YES;
				CLANG_WARN_INFINITE_RECURSION = YES;
				CLANG_WARN_INT_CONVERSION = YES;
				CLANG_WARN_NON_LITERAL_NULL_CONVERSION = YES;
				CLANG_WARN_OBJC_IMPLICIT_RETAIN_SELF = YES;
				CLANG_WARN_OBJC_LITERAL_CONVERSION = YES;
				CLANG_WARN_OBJC_ROOT_CLASS = YES_ERROR;
				CLANG_WARN_RANGE_LOOP_ANALYSIS = YES;
				CLANG_WARN_STRICT_PROTOTYPES = YES;
				CLANG_WARN_SUSPICIOUS_MOVE = YES;
				CLANG_WARN_UNGUARDED_AVAILABILITY = YES_AGGRESSIVE;
				CLANG_WARN_UNREACHABLE_CODE = YES;
				CLANG_WARN__DUPLICATE_METHOD_MATCH = YES;
				COPY_PHASE_STRIP = NO;
				CURRENT_PROJECT_VERSION = 1;
				DEBUG_INFORMATION_FORMAT = dwarf;
				ENABLE_STRICT_OBJC_MSGSEND = YES;
				ENABLE_TESTABILITY = YES;
				GCC_C_LANGUAGE_STANDARD = gnu11;
				GCC_DYNAMIC_NO_PIC = NO;
				GCC_NO_COMMON_BLOCKS = YES;
				GCC_OPTIMIZATION_LEVEL = 0;
				GCC_PREPROCESSOR_DEFINITIONS = (
					"DEBUG=1",
					"$(inherited)",
				);
				GCC_WARN_64_TO_32_BIT_CONVERSION = YES;
				GCC_WARN_ABOUT_RETURN_TYPE = YES_ERROR;
				GCC_WARN_UNDECLARED_SELECTOR = YES;
				GCC_WARN_UNINITIALIZED_AUTOS = YES_AGGRESSIVE;
				GCC_WARN_UNUSED_FUNCTION = YES;
				GCC_WARN_UNUSED_VARIABLE = YES;
				IPHONEOS_DEPLOYMENT_TARGET = 13.2;
				MTL_ENABLE_DEBUG_INFO = INCLUDE_SOURCE;
				MTL_FAST_MATH = YES;
				ONLY_ACTIVE_ARCH = YES;
				SDKROOT = iphoneos;
				SWIFT_ACTIVE_COMPILATION_CONDITIONS = DEBUG;
				SWIFT_OPTIMIZATION_LEVEL = "-Onone";
				VERSIONING_SYSTEM = "apple-generic";
				VERSION_INFO_PREFIX = "";
			};
			name = Debug;
		};
		781EDF1D2499EB5B00882392 /* Release */ = {
			isa = XCBuildConfiguration;
			buildSettings = {
				ALWAYS_SEARCH_USER_PATHS = NO;
				CLANG_ANALYZER_NONNULL = YES;
				CLANG_ANALYZER_NUMBER_OBJECT_CONVERSION = YES_AGGRESSIVE;
				CLANG_CXX_LANGUAGE_STANDARD = "gnu++14";
				CLANG_CXX_LIBRARY = "libc++";
				CLANG_ENABLE_MODULES = YES;
				CLANG_ENABLE_OBJC_ARC = YES;
				CLANG_ENABLE_OBJC_WEAK = YES;
				CLANG_WARN_BLOCK_CAPTURE_AUTORELEASING = YES;
				CLANG_WARN_BOOL_CONVERSION = YES;
				CLANG_WARN_COMMA = YES;
				CLANG_WARN_CONSTANT_CONVERSION = YES;
				CLANG_WARN_DEPRECATED_OBJC_IMPLEMENTATIONS = YES;
				CLANG_WARN_DIRECT_OBJC_ISA_USAGE = YES_ERROR;
				CLANG_WARN_DOCUMENTATION_COMMENTS = YES;
				CLANG_WARN_EMPTY_BODY = YES;
				CLANG_WARN_ENUM_CONVERSION = YES;
				CLANG_WARN_INFINITE_RECURSION = YES;
				CLANG_WARN_INT_CONVERSION = YES;
				CLANG_WARN_NON_LITERAL_NULL_CONVERSION = YES;
				CLANG_WARN_OBJC_IMPLICIT_RETAIN_SELF = YES;
				CLANG_WARN_OBJC_LITERAL_CONVERSION = YES;
				CLANG_WARN_OBJC_ROOT_CLASS = YES_ERROR;
				CLANG_WARN_RANGE_LOOP_ANALYSIS = YES;
				CLANG_WARN_STRICT_PROTOTYPES = YES;
				CLANG_WARN_SUSPICIOUS_MOVE = YES;
				CLANG_WARN_UNGUARDED_AVAILABILITY = YES_AGGRESSIVE;
				CLANG_WARN_UNREACHABLE_CODE = YES;
				CLANG_WARN__DUPLICATE_METHOD_MATCH = YES;
				COPY_PHASE_STRIP = NO;
				CURRENT_PROJECT_VERSION = 1;
				DEBUG_INFORMATION_FORMAT = "dwarf-with-dsym";
				ENABLE_NS_ASSERTIONS = NO;
				ENABLE_STRICT_OBJC_MSGSEND = YES;
				GCC_C_LANGUAGE_STANDARD = gnu11;
				GCC_NO_COMMON_BLOCKS = YES;
				GCC_WARN_64_TO_32_BIT_CONVERSION = YES;
				GCC_WARN_ABOUT_RETURN_TYPE = YES_ERROR;
				GCC_WARN_UNDECLARED_SELECTOR = YES;
				GCC_WARN_UNINITIALIZED_AUTOS = YES_AGGRESSIVE;
				GCC_WARN_UNUSED_FUNCTION = YES;
				GCC_WARN_UNUSED_VARIABLE = YES;
				IPHONEOS_DEPLOYMENT_TARGET = 13.2;
				MTL_ENABLE_DEBUG_INFO = NO;
				MTL_FAST_MATH = YES;
				SDKROOT = iphoneos;
				SWIFT_COMPILATION_MODE = wholemodule;
				SWIFT_OPTIMIZATION_LEVEL = "-O";
				VALIDATE_PRODUCT = YES;
				VERSIONING_SYSTEM = "apple-generic";
				VERSION_INFO_PREFIX = "";
			};
			name = Release;
		};
		781EDF1F2499EB5B00882392 /* Debug */ = {
			isa = XCBuildConfiguration;
			baseConfigurationReference = BB236FD36314FB4F23D6CEF8 /* Pods-CommonModule.debug.xcconfig */;
			buildSettings = {
				CLANG_ENABLE_MODULES = YES;
				CODE_SIGN_STYLE = Automatic;
				DEFINES_MODULE = YES;
				DYLIB_COMPATIBILITY_VERSION = 1;
				DYLIB_CURRENT_VERSION = 1;
				DYLIB_INSTALL_NAME_BASE = "@rpath";
				INFOPLIST_FILE = CommonModule/Info.plist;
				INSTALL_PATH = "$(LOCAL_LIBRARY_DIR)/Frameworks";
				LD_RUNPATH_SEARCH_PATHS = (
					"$(inherited)",
					"@executable_path/Frameworks",
					"@loader_path/Frameworks",
				);
				PRODUCT_BUNDLE_IDENTIFIER = io.agora.CommonModule;
				PRODUCT_NAME = "$(TARGET_NAME:c99extidentifier)";
				SKIP_INSTALL = YES;
				SWIFT_OPTIMIZATION_LEVEL = "-Onone";
				SWIFT_VERSION = 5.0;
				TARGETED_DEVICE_FAMILY = "1,2";
			};
			name = Debug;
		};
		781EDF202499EB5B00882392 /* Release */ = {
			isa = XCBuildConfiguration;
			baseConfigurationReference = B457BEE286E4F1732AAE75CE /* Pods-CommonModule.release.xcconfig */;
			buildSettings = {
				CLANG_ENABLE_MODULES = YES;
				CODE_SIGN_STYLE = Automatic;
				DEFINES_MODULE = YES;
				DYLIB_COMPATIBILITY_VERSION = 1;
				DYLIB_CURRENT_VERSION = 1;
				DYLIB_INSTALL_NAME_BASE = "@rpath";
				INFOPLIST_FILE = CommonModule/Info.plist;
				INSTALL_PATH = "$(LOCAL_LIBRARY_DIR)/Frameworks";
				LD_RUNPATH_SEARCH_PATHS = (
					"$(inherited)",
					"@executable_path/Frameworks",
					"@loader_path/Frameworks",
				);
				PRODUCT_BUNDLE_IDENTIFIER = io.agora.CommonModule;
				PRODUCT_NAME = "$(TARGET_NAME:c99extidentifier)";
				SKIP_INSTALL = YES;
				SWIFT_VERSION = 5.0;
				TARGETED_DEVICE_FAMILY = "1,2";
			};
			name = Release;
		};
/* End XCBuildConfiguration section */

/* Begin XCConfigurationList section */
		781EDF102499EB5B00882392 /* Build configuration list for PBXProject "CommonModule" */ = {
			isa = XCConfigurationList;
			buildConfigurations = (
				781EDF1C2499EB5B00882392 /* Debug */,
				781EDF1D2499EB5B00882392 /* Release */,
			);
			defaultConfigurationIsVisible = 0;
			defaultConfigurationName = Release;
		};
		781EDF1E2499EB5B00882392 /* Build configuration list for PBXNativeTarget "CommonModule" */ = {
			isa = XCConfigurationList;
			buildConfigurations = (
				781EDF1F2499EB5B00882392 /* Debug */,
				781EDF202499EB5B00882392 /* Release */,
			);
			defaultConfigurationIsVisible = 0;
			defaultConfigurationName = Release;
		};
/* End XCConfigurationList section */
	};
	rootObject = 781EDF0D2499EB5B00882392 /* Project object */;
}
